// !$*UTF8*$!
{
	archiveVersion = 1;
	classes = {
	};
	objectVersion = 55;
	objects = {

/* Begin PBXBuildFile section */
		51AF491528A96630000A94C9 /* AppDelegate.swift in Sources */ = {isa = PBXBuildFile; fileRef = 51AF491428A96630000A94C9 /* AppDelegate.swift */; };
		51AF491F28A96630000A94C9 /* ShopApp.xcdatamodeld in Sources */ = {isa = PBXBuildFile; fileRef = 51AF491D28A96630000A94C9 /* ShopApp.xcdatamodeld */; };
		51AF492128A96632000A94C9 /* Assets.xcassets in Resources */ = {isa = PBXBuildFile; fileRef = 51AF492028A96632000A94C9 /* Assets.xcassets */; };
		51AF492428A96632000A94C9 /* LaunchScreen.storyboard in Resources */ = {isa = PBXBuildFile; fileRef = 51AF492228A96632000A94C9 /* LaunchScreen.storyboard */; };
		51AF492F28A96712000A94C9 /* MainScreenViewController.swift in Sources */ = {isa = PBXBuildFile; fileRef = 51AF492D28A96712000A94C9 /* MainScreenViewController.swift */; };
		51AF493028A96712000A94C9 /* MainScreenViewController.xib in Resources */ = {isa = PBXBuildFile; fileRef = 51AF492E28A96712000A94C9 /* MainScreenViewController.xib */; };
		51AF493428A977CD000A94C9 /* MainScreenPresenter.swift in Sources */ = {isa = PBXBuildFile; fileRef = 51AF493328A977CD000A94C9 /* MainScreenPresenter.swift */; };
		51AF493728A97942000A94C9 /* TabBarController.swift in Sources */ = {isa = PBXBuildFile; fileRef = 51AF493628A97942000A94C9 /* TabBarController.swift */; };
		51AF493A28A97C1E000A94C9 /* Navigator.swift in Sources */ = {isa = PBXBuildFile; fileRef = 51AF493928A97C1E000A94C9 /* Navigator.swift */; };
		51AF493C28A97C7A000A94C9 /* AppAssembly.swift in Sources */ = {isa = PBXBuildFile; fileRef = 51AF493B28A97C7A000A94C9 /* AppAssembly.swift */; };
		51AF494128BD239F000A94C9 /* UIViewController + Child.swift in Sources */ = {isa = PBXBuildFile; fileRef = 51AF494028BD239F000A94C9 /* UIViewController + Child.swift */; };
		51AF494528BD28B9000A94C9 /* ProductsViewController.swift in Sources */ = {isa = PBXBuildFile; fileRef = 51AF494328BD28B9000A94C9 /* ProductsViewController.swift */; };
		51AF494628BD28B9000A94C9 /* ProductsViewController.xib in Resources */ = {isa = PBXBuildFile; fileRef = 51AF494428BD28B9000A94C9 /* ProductsViewController.xib */; };
		51AF494828BD2938000A94C9 /* ProductsPresenter.swift in Sources */ = {isa = PBXBuildFile; fileRef = 51AF494728BD2938000A94C9 /* ProductsPresenter.swift */; };
		51AF494C28BD2FE2000A94C9 /* FavoriteViewController.swift in Sources */ = {isa = PBXBuildFile; fileRef = 51AF494A28BD2FE2000A94C9 /* FavoriteViewController.swift */; };
		51AF494D28BD2FE2000A94C9 /* FavoriteViewController.xib in Resources */ = {isa = PBXBuildFile; fileRef = 51AF494B28BD2FE2000A94C9 /* FavoriteViewController.xib */; };
		51AF494F28BD3003000A94C9 /* FavoritePresenter.swift in Sources */ = {isa = PBXBuildFile; fileRef = 51AF494E28BD3003000A94C9 /* FavoritePresenter.swift */; };
/* End PBXBuildFile section */

/* Begin PBXFileReference section */
		51AF491128A96630000A94C9 /* ShopApp.app */ = {isa = PBXFileReference; explicitFileType = wrapper.application; includeInIndex = 0; path = ShopApp.app; sourceTree = BUILT_PRODUCTS_DIR; };
		51AF491428A96630000A94C9 /* AppDelegate.swift */ = {isa = PBXFileReference; lastKnownFileType = sourcecode.swift; path = AppDelegate.swift; sourceTree = "<group>"; };
		51AF491E28A96630000A94C9 /* ShopApp.xcdatamodel */ = {isa = PBXFileReference; lastKnownFileType = wrapper.xcdatamodel; path = ShopApp.xcdatamodel; sourceTree = "<group>"; };
		51AF492028A96632000A94C9 /* Assets.xcassets */ = {isa = PBXFileReference; lastKnownFileType = folder.assetcatalog; path = Assets.xcassets; sourceTree = "<group>"; };
		51AF492328A96632000A94C9 /* Base */ = {isa = PBXFileReference; lastKnownFileType = file.storyboard; name = Base; path = Base.lproj/LaunchScreen.storyboard; sourceTree = "<group>"; };
		51AF492528A96632000A94C9 /* Info.plist */ = {isa = PBXFileReference; lastKnownFileType = text.plist.xml; path = Info.plist; sourceTree = "<group>"; };
		51AF492D28A96712000A94C9 /* MainScreenViewController.swift */ = {isa = PBXFileReference; lastKnownFileType = sourcecode.swift; path = MainScreenViewController.swift; sourceTree = "<group>"; };
		51AF492E28A96712000A94C9 /* MainScreenViewController.xib */ = {isa = PBXFileReference; lastKnownFileType = file.xib; path = MainScreenViewController.xib; sourceTree = "<group>"; };
		51AF493328A977CD000A94C9 /* MainScreenPresenter.swift */ = {isa = PBXFileReference; lastKnownFileType = sourcecode.swift; path = MainScreenPresenter.swift; sourceTree = "<group>"; };
		51AF493628A97942000A94C9 /* TabBarController.swift */ = {isa = PBXFileReference; lastKnownFileType = sourcecode.swift; path = TabBarController.swift; sourceTree = "<group>"; };
		51AF493928A97C1E000A94C9 /* Navigator.swift */ = {isa = PBXFileReference; lastKnownFileType = sourcecode.swift; path = Navigator.swift; sourceTree = "<group>"; };
		51AF493B28A97C7A000A94C9 /* AppAssembly.swift */ = {isa = PBXFileReference; lastKnownFileType = sourcecode.swift; path = AppAssembly.swift; sourceTree = "<group>"; };
		51AF494028BD239F000A94C9 /* UIViewController + Child.swift */ = {isa = PBXFileReference; lastKnownFileType = sourcecode.swift; path = "UIViewController + Child.swift"; sourceTree = "<group>"; };
		51AF494328BD28B9000A94C9 /* ProductsViewController.swift */ = {isa = PBXFileReference; lastKnownFileType = sourcecode.swift; path = ProductsViewController.swift; sourceTree = "<group>"; };
		51AF494428BD28B9000A94C9 /* ProductsViewController.xib */ = {isa = PBXFileReference; lastKnownFileType = file.xib; path = ProductsViewController.xib; sourceTree = "<group>"; };
		51AF494728BD2938000A94C9 /* ProductsPresenter.swift */ = {isa = PBXFileReference; lastKnownFileType = sourcecode.swift; path = ProductsPresenter.swift; sourceTree = "<group>"; };
		51AF494A28BD2FE2000A94C9 /* FavoriteViewController.swift */ = {isa = PBXFileReference; lastKnownFileType = sourcecode.swift; path = FavoriteViewController.swift; sourceTree = "<group>"; };
		51AF494B28BD2FE2000A94C9 /* FavoriteViewController.xib */ = {isa = PBXFileReference; lastKnownFileType = file.xib; path = FavoriteViewController.xib; sourceTree = "<group>"; };
		51AF494E28BD3003000A94C9 /* FavoritePresenter.swift */ = {isa = PBXFileReference; lastKnownFileType = sourcecode.swift; path = FavoritePresenter.swift; sourceTree = "<group>"; };
/* End PBXFileReference section */

/* Begin PBXFrameworksBuildPhase section */
		51AF490E28A96630000A94C9 /* Frameworks */ = {
			isa = PBXFrameworksBuildPhase;
			buildActionMask = 2147483647;
			files = (
			);
			runOnlyForDeploymentPostprocessing = 0;
		};
/* End PBXFrameworksBuildPhase section */

/* Begin PBXGroup section */
		51AF490828A96630000A94C9 = {
			isa = PBXGroup;
			children = (
				51AF491328A96630000A94C9 /* ShopApp */,
				51AF491228A96630000A94C9 /* Products */,
			);
			sourceTree = "<group>";
		};
		51AF491228A96630000A94C9 /* Products */ = {
			isa = PBXGroup;
			children = (
				51AF491128A96630000A94C9 /* ShopApp.app */,
			);
			name = Products;
			sourceTree = "<group>";
		};
		51AF491328A96630000A94C9 /* ShopApp */ = {
			isa = PBXGroup;
			children = (
				51AF493F28BD2385000A94C9 /* Extensions */,
				51AF493828A97C06000A94C9 /* Navigation */,
				51AF493528A9784E000A94C9 /* ViewControllers */,
				51AF493128A9671F000A94C9 /* Screens */,
				51AF492B28A96683000A94C9 /* SystemFiles */,
				51AF492C28A966C3000A94C9 /* Helpers */,
				51AF491D28A96630000A94C9 /* ShopApp.xcdatamodeld */,
			);
			path = ShopApp;
			sourceTree = "<group>";
		};
		51AF492B28A96683000A94C9 /* SystemFiles */ = {
			isa = PBXGroup;
			children = (
				51AF491428A96630000A94C9 /* AppDelegate.swift */,
				51AF492528A96632000A94C9 /* Info.plist */,
			);
			path = SystemFiles;
			sourceTree = "<group>";
		};
		51AF492C28A966C3000A94C9 /* Helpers */ = {
			isa = PBXGroup;
			children = (
				51AF492028A96632000A94C9 /* Assets.xcassets */,
				51AF492228A96632000A94C9 /* LaunchScreen.storyboard */,
			);
			name = Helpers;
			sourceTree = "<group>";
		};
		51AF493128A9671F000A94C9 /* Screens */ = {
			isa = PBXGroup;
			children = (
				51AF493228A96727000A94C9 /* MainScreen */,
				51AF494228BD284E000A94C9 /* ProductsScreen */,
				51AF494928BD2F9C000A94C9 /* FavoriteScreen */,
			);
			path = Screens;
			sourceTree = "<group>";
		};
		51AF493228A96727000A94C9 /* MainScreen */ = {
			isa = PBXGroup;
			children = (
				51AF492D28A96712000A94C9 /* MainScreenViewController.swift */,
				51AF492E28A96712000A94C9 /* MainScreenViewController.xib */,
				51AF493328A977CD000A94C9 /* MainScreenPresenter.swift */,
			);
			path = MainScreen;
			sourceTree = "<group>";
		};
		51AF493528A9784E000A94C9 /* ViewControllers */ = {
			isa = PBXGroup;
			children = (
				51AF493628A97942000A94C9 /* TabBarController.swift */,
			);
			path = ViewControllers;
			sourceTree = "<group>";
		};
		51AF493828A97C06000A94C9 /* Navigation */ = {
			isa = PBXGroup;
			children = (
				51AF493928A97C1E000A94C9 /* Navigator.swift */,
				51AF493B28A97C7A000A94C9 /* AppAssembly.swift */,
			);
			path = Navigation;
			sourceTree = "<group>";
		};
		51AF493F28BD2385000A94C9 /* Extensions */ = {
			isa = PBXGroup;
			children = (
				51AF494028BD239F000A94C9 /* UIViewController + Child.swift */,
			);
			path = Extensions;
			sourceTree = "<group>";
		};
		51AF494228BD284E000A94C9 /* ProductsScreen */ = {
			isa = PBXGroup;
			children = (
				51AF494328BD28B9000A94C9 /* ProductsViewController.swift */,
				51AF494428BD28B9000A94C9 /* ProductsViewController.xib */,
				51AF494728BD2938000A94C9 /* ProductsPresenter.swift */,
			);
			path = ProductsScreen;
			sourceTree = "<group>";
		};
		51AF494928BD2F9C000A94C9 /* FavoriteScreen */ = {
			isa = PBXGroup;
			children = (
				51AF494A28BD2FE2000A94C9 /* FavoriteViewController.swift */,
				51AF494B28BD2FE2000A94C9 /* FavoriteViewController.xib */,
				51AF494E28BD3003000A94C9 /* FavoritePresenter.swift */,
			);
			path = FavoriteScreen;
			sourceTree = "<group>";
		};
/* End PBXGroup section */

/* Begin PBXNativeTarget section */
		51AF491028A96630000A94C9 /* ShopApp */ = {
			isa = PBXNativeTarget;
			buildConfigurationList = 51AF492828A96632000A94C9 /* Build configuration list for PBXNativeTarget "ShopApp" */;
			buildPhases = (
				51AF490D28A96630000A94C9 /* Sources */,
				51AF490E28A96630000A94C9 /* Frameworks */,
				51AF490F28A96630000A94C9 /* Resources */,
			);
			buildRules = (
			);
			dependencies = (
			);
			name = ShopApp;
			productName = ShopApp;
			productReference = 51AF491128A96630000A94C9 /* ShopApp.app */;
			productType = "com.apple.product-type.application";
		};
/* End PBXNativeTarget section */

/* Begin PBXProject section */
		51AF490928A96630000A94C9 /* Project object */ = {
			isa = PBXProject;
			attributes = {
				BuildIndependentTargetsInParallel = 1;
				LastSwiftUpdateCheck = 1340;
				LastUpgradeCheck = 1340;
				TargetAttributes = {
					51AF491028A96630000A94C9 = {
						CreatedOnToolsVersion = 13.4.1;
					};
				};
			};
			buildConfigurationList = 51AF490C28A96630000A94C9 /* Build configuration list for PBXProject "ShopApp" */;
			compatibilityVersion = "Xcode 13.0";
			developmentRegion = en;
			hasScannedForEncodings = 0;
			knownRegions = (
				en,
				Base,
			);
			mainGroup = 51AF490828A96630000A94C9;
			productRefGroup = 51AF491228A96630000A94C9 /* Products */;
			projectDirPath = "";
			projectRoot = "";
			targets = (
				51AF491028A96630000A94C9 /* ShopApp */,
			);
		};
/* End PBXProject section */

/* Begin PBXResourcesBuildPhase section */
		51AF490F28A96630000A94C9 /* Resources */ = {
			isa = PBXResourcesBuildPhase;
			buildActionMask = 2147483647;
			files = (
				51AF492428A96632000A94C9 /* LaunchScreen.storyboard in Resources */,
				51AF492128A96632000A94C9 /* Assets.xcassets in Resources */,
				51AF494628BD28B9000A94C9 /* ProductsViewController.xib in Resources */,
				51AF494D28BD2FE2000A94C9 /* FavoriteViewController.xib in Resources */,
				51AF493028A96712000A94C9 /* MainScreenViewController.xib in Resources */,
			);
			runOnlyForDeploymentPostprocessing = 0;
		};
/* End PBXResourcesBuildPhase section */

/* Begin PBXSourcesBuildPhase section */
		51AF490D28A96630000A94C9 /* Sources */ = {
			isa = PBXSourcesBuildPhase;
			buildActionMask = 2147483647;
			files = (
				51AF494C28BD2FE2000A94C9 /* FavoriteViewController.swift in Sources */,
				51AF491528A96630000A94C9 /* AppDelegate.swift in Sources */,
				51AF493428A977CD000A94C9 /* MainScreenPresenter.swift in Sources */,
				51AF494828BD2938000A94C9 /* ProductsPresenter.swift in Sources */,
				51AF491F28A96630000A94C9 /* ShopApp.xcdatamodeld in Sources */,
				51AF493728A97942000A94C9 /* TabBarController.swift in Sources */,
				51AF494F28BD3003000A94C9 /* FavoritePresenter.swift in Sources */,
				51AF492F28A96712000A94C9 /* MainScreenViewController.swift in Sources */,
				51AF494128BD239F000A94C9 /* UIViewController + Child.swift in Sources */,
				51AF494528BD28B9000A94C9 /* ProductsViewController.swift in Sources */,
				51AF493C28A97C7A000A94C9 /* AppAssembly.swift in Sources */,
				51AF493A28A97C1E000A94C9 /* Navigator.swift in Sources */,
			);
			runOnlyForDeploymentPostprocessing = 0;
		};
/* End PBXSourcesBuildPhase section */

/* Begin PBXVariantGroup section */
		51AF492228A96632000A94C9 /* LaunchScreen.storyboard */ = {
			isa = PBXVariantGroup;
			children = (
				51AF492328A96632000A94C9 /* Base */,
			);
			name = LaunchScreen.storyboard;
			sourceTree = "<group>";
		};
/* End PBXVariantGroup section */

/* Begin XCBuildConfiguration section */
		51AF492628A96632000A94C9 /* Debug */ = {
			isa = XCBuildConfiguration;
			buildSettings = {
				ALWAYS_SEARCH_USER_PATHS = NO;
				CLANG_ANALYZER_NONNULL = YES;
				CLANG_ANALYZER_NUMBER_OBJECT_CONVERSION = YES_AGGRESSIVE;
				CLANG_CXX_LANGUAGE_STANDARD = "gnu++17";
				CLANG_ENABLE_MODULES = YES;
				CLANG_ENABLE_OBJC_ARC = YES;
				CLANG_ENABLE_OBJC_WEAK = YES;
				CLANG_WARN_BLOCK_CAPTURE_AUTORELEASING = YES;
				CLANG_WARN_BOOL_CONVERSION = YES;
				CLANG_WARN_COMMA = YES;
				CLANG_WARN_CONSTANT_CONVERSION = YES;
				CLANG_WARN_DEPRECATED_OBJC_IMPLEMENTATIONS = YES;
				CLANG_WARN_DIRECT_OBJC_ISA_USAGE = YES_ERROR;
				CLANG_WARN_DOCUMENTATION_COMMENTS = YES;
				CLANG_WARN_EMPTY_BODY = YES;
				CLANG_WARN_ENUM_CONVERSION = YES;
				CLANG_WARN_INFINITE_RECURSION = YES;
				CLANG_WARN_INT_CONVERSION = YES;
				CLANG_WARN_NON_LITERAL_NULL_CONVERSION = YES;
				CLANG_WARN_OBJC_IMPLICIT_RETAIN_SELF = YES;
				CLANG_WARN_OBJC_LITERAL_CONVERSION = YES;
				CLANG_WARN_OBJC_ROOT_CLASS = YES_ERROR;
				CLANG_WARN_QUOTED_INCLUDE_IN_FRAMEWORK_HEADER = YES;
				CLANG_WARN_RANGE_LOOP_ANALYSIS = YES;
				CLANG_WARN_STRICT_PROTOTYPES = YES;
				CLANG_WARN_SUSPICIOUS_MOVE = YES;
				CLANG_WARN_UNGUARDED_AVAILABILITY = YES_AGGRESSIVE;
				CLANG_WARN_UNREACHABLE_CODE = YES;
				CLANG_WARN__DUPLICATE_METHOD_MATCH = YES;
				COPY_PHASE_STRIP = NO;
				DEBUG_INFORMATION_FORMAT = dwarf;
				ENABLE_STRICT_OBJC_MSGSEND = YES;
				ENABLE_TESTABILITY = YES;
				GCC_C_LANGUAGE_STANDARD = gnu11;
				GCC_DYNAMIC_NO_PIC = NO;
				GCC_NO_COMMON_BLOCKS = YES;
				GCC_OPTIMIZATION_LEVEL = 0;
				GCC_PREPROCESSOR_DEFINITIONS = (
					"DEBUG=1",
					"$(inherited)",
				);
				GCC_WARN_64_TO_32_BIT_CONVERSION = YES;
				GCC_WARN_ABOUT_RETURN_TYPE = YES_ERROR;
				GCC_WARN_UNDECLARED_SELECTOR = YES;
				GCC_WARN_UNINITIALIZED_AUTOS = YES_AGGRESSIVE;
				GCC_WARN_UNUSED_FUNCTION = YES;
				GCC_WARN_UNUSED_VARIABLE = YES;
				IPHONEOS_DEPLOYMENT_TARGET = 15.5;
				MTL_ENABLE_DEBUG_INFO = INCLUDE_SOURCE;
				MTL_FAST_MATH = YES;
				ONLY_ACTIVE_ARCH = YES;
				SDKROOT = iphoneos;
				SWIFT_ACTIVE_COMPILATION_CONDITIONS = DEBUG;
				SWIFT_OPTIMIZATION_LEVEL = "-Onone";
			};
			name = Debug;
		};
		51AF492728A96632000A94C9 /* Release */ = {
			isa = XCBuildConfiguration;
			buildSettings = {
				ALWAYS_SEARCH_USER_PATHS = NO;
				CLANG_ANALYZER_NONNULL = YES;
				CLANG_ANALYZER_NUMBER_OBJECT_CONVERSION = YES_AGGRESSIVE;
				CLANG_CXX_LANGUAGE_STANDARD = "gnu++17";
				CLANG_ENABLE_MODULES = YES;
				CLANG_ENABLE_OBJC_ARC = YES;
				CLANG_ENABLE_OBJC_WEAK = YES;
				CLANG_WARN_BLOCK_CAPTURE_AUTORELEASING = YES;
				CLANG_WARN_BOOL_CONVERSION = YES;
				CLANG_WARN_COMMA = YES;
				CLANG_WARN_CONSTANT_CONVERSION = YES;
				CLANG_WARN_DEPRECATED_OBJC_IMPLEMENTATIONS = YES;
				CLANG_WARN_DIRECT_OBJC_ISA_USAGE = YES_ERROR;
				CLANG_WARN_DOCUMENTATION_COMMENTS = YES;
				CLANG_WARN_EMPTY_BODY = YES;
				CLANG_WARN_ENUM_CONVERSION = YES;
				CLANG_WARN_INFINITE_RECURSION = YES;
				CLANG_WARN_INT_CONVERSION = YES;
				CLANG_WARN_NON_LITERAL_NULL_CONVERSION = YES;
				CLANG_WARN_OBJC_IMPLICIT_RETAIN_SELF = YES;
				CLANG_WARN_OBJC_LITERAL_CONVERSION = YES;
				CLANG_WARN_OBJC_ROOT_CLASS = YES_ERROR;
				CLANG_WARN_QUOTED_INCLUDE_IN_FRAMEWORK_HEADER = YES;
				CLANG_WARN_RANGE_LOOP_ANALYSIS = YES;
				CLANG_WARN_STRICT_PROTOTYPES = YES;
				CLANG_WARN_SUSPICIOUS_MOVE = YES;
				CLANG_WARN_UNGUARDED_AVAILABILITY = YES_AGGRESSIVE;
				CLANG_WARN_UNREACHABLE_CODE = YES;
				CLANG_WARN__DUPLICATE_METHOD_MATCH = YES;
				COPY_PHASE_STRIP = NO;
				DEBUG_INFORMATION_FORMAT = "dwarf-with-dsym";
				ENABLE_NS_ASSERTIONS = NO;
				ENABLE_STRICT_OBJC_MSGSEND = YES;
				GCC_C_LANGUAGE_STANDARD = gnu11;
				GCC_NO_COMMON_BLOCKS = YES;
				GCC_WARN_64_TO_32_BIT_CONVERSION = YES;
				GCC_WARN_ABOUT_RETURN_TYPE = YES_ERROR;
				GCC_WARN_UNDECLARED_SELECTOR = YES;
				GCC_WARN_UNINITIALIZED_AUTOS = YES_AGGRESSIVE;
				GCC_WARN_UNUSED_FUNCTION = YES;
				GCC_WARN_UNUSED_VARIABLE = YES;
				IPHONEOS_DEPLOYMENT_TARGET = 15.5;
				MTL_ENABLE_DEBUG_INFO = NO;
				MTL_FAST_MATH = YES;
				SDKROOT = iphoneos;
				SWIFT_COMPILATION_MODE = wholemodule;
				SWIFT_OPTIMIZATION_LEVEL = "-O";
				VALIDATE_PRODUCT = YES;
			};
			name = Release;
		};
		51AF492928A96632000A94C9 /* Debug */ = {
			isa = XCBuildConfiguration;
			buildSettings = {
				ASSETCATALOG_COMPILER_APPICON_NAME = AppIcon;
				ASSETCATALOG_COMPILER_GLOBAL_ACCENT_COLOR_NAME = AccentColor;
				CODE_SIGN_STYLE = Automatic;
				CURRENT_PROJECT_VERSION = 1;
				DEVELOPMENT_TEAM = JHYJ3JUAMV;
				GENERATE_INFOPLIST_FILE = YES;
				INFOPLIST_FILE = ShopApp/SystemFiles/Info.plist;
				INFOPLIST_KEY_UIApplicationSupportsIndirectInputEvents = YES;
				INFOPLIST_KEY_UILaunchStoryboardName = LaunchScreen;
				INFOPLIST_KEY_UISupportedInterfaceOrientations_iPad = "UIInterfaceOrientationPortrait UIInterfaceOrientationPortraitUpsideDown UIInterfaceOrientationLandscapeLeft UIInterfaceOrientationLandscapeRight";
				INFOPLIST_KEY_UISupportedInterfaceOrientations_iPhone = "UIInterfaceOrientationPortrait UIInterfaceOrientationLandscapeLeft UIInterfaceOrientationLandscapeRight";
				IPHONEOS_DEPLOYMENT_TARGET = 14.0;
				LD_RUNPATH_SEARCH_PATHS = (
					"$(inherited)",
					"@executable_path/Frameworks",
				);
				MARKETING_VERSION = 1.0;
				PRODUCT_BUNDLE_IDENTIFIER = Hloba.ShopApp;
				PRODUCT_NAME = "$(TARGET_NAME)";
				SWIFT_EMIT_LOC_STRINGS = YES;
				SWIFT_VERSION = 5.0;
				TARGETED_DEVICE_FAMILY = 1;
			};
			name = Debug;
		};
		51AF492A28A96632000A94C9 /* Release */ = {
			isa = XCBuildConfiguration;
			buildSettings = {
				ASSETCATALOG_COMPILER_APPICON_NAME = AppIcon;
				ASSETCATALOG_COMPILER_GLOBAL_ACCENT_COLOR_NAME = AccentColor;
				CODE_SIGN_STYLE = Automatic;
				CURRENT_PROJECT_VERSION = 1;
				DEVELOPMENT_TEAM = JHYJ3JUAMV;
				GENERATE_INFOPLIST_FILE = YES;
				INFOPLIST_FILE = ShopApp/SystemFiles/Info.plist;
				INFOPLIST_KEY_UIApplicationSupportsIndirectInputEvents = YES;
				INFOPLIST_KEY_UILaunchStoryboardName = LaunchScreen;
				INFOPLIST_KEY_UISupportedInterfaceOrientations_iPad = "UIInterfaceOrientationPortrait UIInterfaceOrientationPortraitUpsideDown UIInterfaceOrientationLandscapeLeft UIInterfaceOrientationLandscapeRight";
				INFOPLIST_KEY_UISupportedInterfaceOrientations_iPhone = "UIInterfaceOrientationPortrait UIInterfaceOrientationLandscapeLeft UIInterfaceOrientationLandscapeRight";
				IPHONEOS_DEPLOYMENT_TARGET = 14.0;
				LD_RUNPATH_SEARCH_PATHS = (
					"$(inherited)",
					"@executable_path/Frameworks",
				);
				MARKETING_VERSION = 1.0;
				PRODUCT_BUNDLE_IDENTIFIER = Hloba.ShopApp;
				PRODUCT_NAME = "$(TARGET_NAME)";
				SWIFT_EMIT_LOC_STRINGS = YES;
				SWIFT_VERSION = 5.0;
				TARGETED_DEVICE_FAMILY = 1;
			};
			name = Release;
		};
/* End XCBuildConfiguration section */

/* Begin XCConfigurationList section */
		51AF490C28A96630000A94C9 /* Build configuration list for PBXProject "ShopApp" */ = {
			isa = XCConfigurationList;
			buildConfigurations = (
				51AF492628A96632000A94C9 /* Debug */,
				51AF492728A96632000A94C9 /* Release */,
			);
			defaultConfigurationIsVisible = 0;
			defaultConfigurationName = Release;
		};
		51AF492828A96632000A94C9 /* Build configuration list for PBXNativeTarget "ShopApp" */ = {
			isa = XCConfigurationList;
			buildConfigurations = (
				51AF492928A96632000A94C9 /* Debug */,
				51AF492A28A96632000A94C9 /* Release */,
			);
			defaultConfigurationIsVisible = 0;
			defaultConfigurationName = Release;
		};
/* End XCConfigurationList section */

/* Begin XCVersionGroup section */
		51AF491D28A96630000A94C9 /* ShopApp.xcdatamodeld */ = {
			isa = XCVersionGroup;
			children = (
				51AF491E28A96630000A94C9 /* ShopApp.xcdatamodel */,
			);
			currentVersion = 51AF491E28A96630000A94C9 /* ShopApp.xcdatamodel */;
			path = ShopApp.xcdatamodeld;
			sourceTree = "<group>";
			versionGroupType = wrapper.xcdatamodel;
		};
/* End XCVersionGroup section */
	};
	rootObject = 51AF490928A96630000A94C9 /* Project object */;
}
